
Microsoft Visual Studio Solution File, Format Version 11.00
# Visual Studio 2010
Project("{F184B08F-C81C-45F6-A57F-5ABD9991F28F}") = "S.I.G.A.T", "S.I.G.A.T\S.I.G.A.T.vbproj", "{BB25AAC7-AD9F-4A5E-B16E-26DBD0715196}"
EndProject
Global
	GlobalSection(SolutionConfigurationPlatforms) = preSolution
		Debug|x86 = Debug|x86
		Release|x86 = Release|x86
	EndGlobalSection
	GlobalSection(ProjectConfigurationPlatforms) = postSolution
		{BB25AAC7-AD9F-4A5E-B16E-26DBD0715196}.Debug|x86.ActiveCfg = Debug|x86
		{BB25AAC7-AD9F-4A5E-B16E-26DBD0715196}.Debug|x86.Build.0 = Debug|x86
		{BB25AAC7-AD9F-4A5E-B16E-26DBD0715196}.Release|x86.ActiveCfg = Release|x86
		{BB25AAC7-AD9F-4A5E-B16E-26DBD0715196}.Release|x86.Build.0 = Release|x86
	EndGlobalSection
	GlobalSection(SolutionProperties) = preSolution
		HideSolutionNode = FALSE
	EndGlobalSection
EndGlobal
